// !$*UTF8*$!
{
	archiveVersion = 1;
	classes = {
	};
	objectVersion = 50;
	objects = {

/* Begin PBXBuildFile section */
		4ADF2EA4238252170047C9D4 /* AppDelegate.swift in Sources */ = {isa = PBXBuildFile; fileRef = 4ADF2EA3238252170047C9D4 /* AppDelegate.swift */; };
		4ADF2EA6238252170047C9D4 /* SceneDelegate.swift in Sources */ = {isa = PBXBuildFile; fileRef = 4ADF2EA5238252170047C9D4 /* SceneDelegate.swift */; };
		4ADF2EA8238252170047C9D4 /* ViewController.swift in Sources */ = {isa = PBXBuildFile; fileRef = 4ADF2EA7238252170047C9D4 /* ViewController.swift */; };
		4ADF2EAB238252170047C9D4 /* Main.storyboard in Resources */ = {isa = PBXBuildFile; fileRef = 4ADF2EA9238252170047C9D4 /* Main.storyboard */; };
		4ADF2EAD2382521E0047C9D4 /* Assets.xcassets in Resources */ = {isa = PBXBuildFile; fileRef = 4ADF2EAC2382521E0047C9D4 /* Assets.xcassets */; };
		4ADF2EB02382521E0047C9D4 /* LaunchScreen.storyboard in Resources */ = {isa = PBXBuildFile; fileRef = 4ADF2EAE2382521E0047C9D4 /* LaunchScreen.storyboard */; };
		4ADF2EB92382528D0047C9D4 /* JView.swift in Sources */ = {isa = PBXBuildFile; fileRef = 4ADF2EB82382528D0047C9D4 /* JView.swift */; };
/* End PBXBuildFile section */

/* Begin PBXFileReference section */
		4ADF2EA0238252170047C9D4 /* JView.app */ = {isa = PBXFileReference; explicitFileType = wrapper.application; includeInIndex = 0; path = JView.app; sourceTree = BUILT_PRODUCTS_DIR; };
		4ADF2EA3238252170047C9D4 /* AppDelegate.swift */ = {isa = PBXFileReference; lastKnownFileType = sourcecode.swift; path = AppDelegate.swift; sourceTree = "<group>"; };
		4ADF2EA5238252170047C9D4 /* SceneDelegate.swift */ = {isa = PBXFileReference; lastKnownFileType = sourcecode.swift; path = SceneDelegate.swift; sourceTree = "<group>"; };
		4ADF2EA7238252170047C9D4 /* ViewController.swift */ = {isa = PBXFileReference; lastKnownFileType = sourcecode.swift; path = ViewController.swift; sourceTree = "<group>"; };
		4ADF2EAA238252170047C9D4 /* Base */ = {isa = PBXFileReference; lastKnownFileType = file.storyboard; name = Base; path = Base.lproj/Main.storyboard; sourceTree = "<group>"; };
		4ADF2EAC2382521E0047C9D4 /* Assets.xcassets */ = {isa = PBXFileReference; lastKnownFileType = folder.assetcatalog; path = Assets.xcassets; sourceTree = "<group>"; };
		4ADF2EAF2382521E0047C9D4 /* Base */ = {isa = PBXFileReference; lastKnownFileType = file.storyboard; name = Base; path = Base.lproj/LaunchScreen.storyboard; sourceTree = "<group>"; };
		4ADF2EB12382521E0047C9D4 /* Info.plist */ = {isa = PBXFileReference; lastKnownFileType = text.plist.xml; path = Info.plist; sourceTree = "<group>"; };
		4ADF2EB82382528D0047C9D4 /* JView.swift */ = {isa = PBXFileReference; lastKnownFileType = sourcecode.swift; path = JView.swift; sourceTree = "<group>"; };
/* End PBXFileReference section */

/* Begin PBXFrameworksBuildPhase section */
		4ADF2E9D238252170047C9D4 /* Frameworks */ = {
			isa = PBXFrameworksBuildPhase;
			buildActionMask = 2147483647;
			files = (
			);
			runOnlyForDeploymentPostprocessing = 0;
		};
/* End PBXFrameworksBuildPhase section */

/* Begin PBXGroup section */
		4ADF2E97238252160047C9D4 = {
			isa = PBXGroup;
			children = (
				4ADF2EA2238252170047C9D4 /* JView */,
				4ADF2EA1238252170047C9D4 /* Products */,
			);
			sourceTree = "<group>";
		};
		4ADF2EA1238252170047C9D4 /* Products */ = {
			isa = PBXGroup;
			children = (
				4ADF2EA0238252170047C9D4 /* JView.app */,
			);
			name = Products;
			sourceTree = "<group>";
		};
		4ADF2EA2238252170047C9D4 /* JView */ = {
			isa = PBXGroup;
			children = (
				4ADF2EB7238252250047C9D4 /* JViewResource */,
				4ADF2EA3238252170047C9D4 /* AppDelegate.swift */,
				4ADF2EA5238252170047C9D4 /* SceneDelegate.swift */,
				4ADF2EA7238252170047C9D4 /* ViewController.swift */,
				4ADF2EA9238252170047C9D4 /* Main.storyboard */,
				4ADF2EAC2382521E0047C9D4 /* Assets.xcassets */,
				4ADF2EAE2382521E0047C9D4 /* LaunchScreen.storyboard */,
				4ADF2EB12382521E0047C9D4 /* Info.plist */,
			);
			path = JView;
			sourceTree = "<group>";
		};
		4ADF2EB7238252250047C9D4 /* JViewResource */ = {
			isa = PBXGroup;
			children = (
				4ADF2EB82382528D0047C9D4 /* JView.swift */,
			);
			path = JViewResource;
			sourceTree = "<group>";
		};
/* End PBXGroup section */

/* Begin PBXNativeTarget section */
		4ADF2E9F238252170047C9D4 /* JView */ = {
			isa = PBXNativeTarget;
			buildConfigurationList = 4ADF2EB42382521E0047C9D4 /* Build configuration list for PBXNativeTarget "JView" */;
			buildPhases = (
				4ADF2E9C238252170047C9D4 /* Sources */,
				4ADF2E9D238252170047C9D4 /* Frameworks */,
				4ADF2E9E238252170047C9D4 /* Resources */,
			);
			buildRules = (
			);
			dependencies = (
			);
			name = JView;
			productName = JView;
			productReference = 4ADF2EA0238252170047C9D4 /* JView.app */;
			productType = "com.apple.product-type.application";
		};
/* End PBXNativeTarget section */

/* Begin PBXProject section */
		4ADF2E98238252160047C9D4 /* Project object */ = {
			isa = PBXProject;
			attributes = {
				LastSwiftUpdateCheck = 1120;
				LastUpgradeCheck = 1120;
				ORGANIZATIONNAME = iOS;
				TargetAttributes = {
					4ADF2E9F238252170047C9D4 = {
						CreatedOnToolsVersion = 11.2;
					};
				};
			};
			buildConfigurationList = 4ADF2E9B238252160047C9D4 /* Build configuration list for PBXProject "JView" */;
			compatibilityVersion = "Xcode 9.3";
			developmentRegion = en;
			hasScannedForEncodings = 0;
			knownRegions = (
				en,
				Base,
			);
			mainGroup = 4ADF2E97238252160047C9D4;
			productRefGroup = 4ADF2EA1238252170047C9D4 /* Products */;
			projectDirPath = "";
			projectRoot = "";
			targets = (
				4ADF2E9F238252170047C9D4 /* JView */,
			);
		};
/* End PBXProject section */

/* Begin PBXResourcesBuildPhase section */
		4ADF2E9E238252170047C9D4 /* Resources */ = {
			isa = PBXResourcesBuildPhase;
			buildActionMask = 2147483647;
			files = (
				4ADF2EB02382521E0047C9D4 /* LaunchScreen.storyboard in Resources */,
				4ADF2EAD2382521E0047C9D4 /* Assets.xcassets in Resources */,
				4ADF2EAB238252170047C9D4 /* Main.storyboard in Resources */,
			);
			runOnlyForDeploymentPostprocessing = 0;
		};
/* End PBXResourcesBuildPhase section */

/* Begin PBXSourcesBuildPhase section */
		4ADF2E9C238252170047C9D4 /* Sources */ = {
			isa = PBXSourcesBuildPhase;
			buildActionMask = 2147483647;
			files = (
				4ADF2EA8238252170047C9D4 /* ViewController.swift in Sources */,
				4ADF2EA4238252170047C9D4 /* AppDelegate.swift in Sources */,
				4ADF2EA6238252170047C9D4 /* SceneDelegate.swift in Sources */,
				4ADF2EB92382528D0047C9D4 /* JView.swift in Sources */,
			);
			runOnlyForDeploymentPostprocessing = 0;
		};
/* End PBXSourcesBuildPhase section */

/* Begin PBXVariantGroup section */
		4ADF2EA9238252170047C9D4 /* Main.storyboard */ = {
			isa = PBXVariantGroup;
			children = (
				4ADF2EAA238252170047C9D4 /* Base */,
			);
			name = Main.storyboard;
			sourceTree = "<group>";
		};
		4ADF2EAE2382521E0047C9D4 /* LaunchScreen.storyboard */ = {
			isa = PBXVariantGroup;
			children = (
				4ADF2EAF2382521E0047C9D4 /* Base */,
			);
			name = LaunchScreen.storyboard;
			sourceTree = "<group>";
		};
/* End PBXVariantGroup section */

/* Begin XCBuildConfiguration section */
		4ADF2EB22382521E0047C9D4 /* Debug */ = {
			isa = XCBuildConfiguration;
			buildSettings = {
				ALWAYS_SEARCH_USER_PATHS = NO;
				CLANG_ANALYZER_NONNULL = YES;
				CLANG_ANALYZER_NUMBER_OBJECT_CONVERSION = YES_AGGRESSIVE;
				CLANG_CXX_LANGUAGE_STANDARD = "gnu++14";
				CLANG_CXX_LIBRARY = "libc++";
				CLANG_ENABLE_MODULES = YES;
				CLANG_ENABLE_OBJC_ARC = YES;
				CLANG_ENABLE_OBJC_WEAK = YES;
				CLANG_WARN_BLOCK_CAPTURE_AUTORELEASING = YES;
				CLANG_WARN_BOOL_CONVERSION = YES;
				CLANG_WARN_COMMA = YES;
				CLANG_WARN_CONSTANT_CONVERSION = YES;
				CLANG_WARN_DEPRECATED_OBJC_IMPLEMENTATIONS = YES;
				CLANG_WARN_DIRECT_OBJC_ISA_USAGE = YES_ERROR;
				CLANG_WARN_DOCUMENTATION_COMMENTS = YES;
				CLANG_WARN_EMPTY_BODY = YES;
				CLANG_WARN_ENUM_CONVERSION = YES;
				CLANG_WARN_INFINITE_RECURSION = YES;
				CLANG_WARN_INT_CONVERSION = YES;
				CLANG_WARN_NON_LITERAL_NULL_CONVERSION = YES;
				CLANG_WARN_OBJC_IMPLICIT_RETAIN_SELF = YES;
				CLANG_WARN_OBJC_LITERAL_CONVERSION = YES;
				CLANG_WARN_OBJC_ROOT_CLASS = YES_ERROR;
				CLANG_WARN_RANGE_LOOP_ANALYSIS = YES;
				CLANG_WARN_STRICT_PROTOTYPES = YES;
				CLANG_WARN_SUSPICIOUS_MOVE = YES;
				CLANG_WARN_UNGUARDED_AVAILABILITY = YES_AGGRESSIVE;
				CLANG_WARN_UNREACHABLE_CODE = YES;
				CLANG_WARN__DUPLICATE_METHOD_MATCH = YES;
				COPY_PHASE_STRIP = NO;
				DEBUG_INFORMATION_FORMAT = dwarf;
				ENABLE_STRICT_OBJC_MSGSEND = YES;
				ENABLE_TESTABILITY = YES;
				GCC_C_LANGUAGE_STANDARD = gnu11;
				GCC_DYNAMIC_NO_PIC = NO;
				GCC_NO_COMMON_BLOCKS = YES;
				GCC_OPTIMIZATION_LEVEL = 0;
				GCC_PREPROCESSOR_DEFINITIONS = (
					"DEBUG=1",
					"$(inherited)",
				);
				GCC_WARN_64_TO_32_BIT_CONVERSION = YES;
				GCC_WARN_ABOUT_RETURN_TYPE = YES_ERROR;
				GCC_WARN_UNDECLARED_SELECTOR = YES;
				GCC_WARN_UNINITIALIZED_AUTOS = YES_AGGRESSIVE;
				GCC_WARN_UNUSED_FUNCTION = YES;
				GCC_WARN_UNUSED_VARIABLE = YES;
				IPHONEOS_DEPLOYMENT_TARGET = 13.2;
				MTL_ENABLE_DEBUG_INFO = INCLUDE_SOURCE;
				MTL_FAST_MATH = YES;
				ONLY_ACTIVE_ARCH = YES;
				SDKROOT = iphoneos;
				SWIFT_ACTIVE_COMPILATION_CONDITIONS = DEBUG;
				SWIFT_OPTIMIZATION_LEVEL = "-Onone";
			};
			name = Debug;
		};
		4ADF2EB32382521E0047C9D4 /* Release */ = {
			isa = XCBuildConfiguration;
			buildSettings = {
				ALWAYS_SEARCH_USER_PATHS = NO;
				CLANG_ANALYZER_NONNULL = YES;
				CLANG_ANALYZER_NUMBER_OBJECT_CONVERSION = YES_AGGRESSIVE;
				CLANG_CXX_LANGUAGE_STANDARD = "gnu++14";
				CLANG_CXX_LIBRARY = "libc++";
				CLANG_ENABLE_MODULES = YES;
				CLANG_ENABLE_OBJC_ARC = YES;
				CLANG_ENABLE_OBJC_WEAK = YES;
				CLANG_WARN_BLOCK_CAPTURE_AUTORELEASING = YES;
				CLANG_WARN_BOOL_CONVERSION = YES;
				CLANG_WARN_COMMA = YES;
				CLANG_WARN_CONSTANT_CONVERSION = YES;
				CLANG_WARN_DEPRECATED_OBJC_IMPLEMENTATIONS = YES;
				CLANG_WARN_DIRECT_OBJC_ISA_USAGE = YES_ERROR;
				CLANG_WARN_DOCUMENTATION_COMMENTS = YES;
				CLANG_WARN_EMPTY_BODY = YES;
				CLANG_WARN_ENUM_CONVERSION = YES;
				CLANG_WARN_INFINITE_RECURSION = YES;
				CLANG_WARN_INT_CONVERSION = YES;
				CLANG_WARN_NON_LITERAL_NULL_CONVERSION = YES;
				CLANG_WARN_OBJC_IMPLICIT_RETAIN_SELF = YES;
				CLANG_WARN_OBJC_LITERAL_CONVERSION = YES;
				CLANG_WARN_OBJC_ROOT_CLASS = YES_ERROR;
				CLANG_WARN_RANGE_LOOP_ANALYSIS = YES;
				CLANG_WARN_STRICT_PROTOTYPES = YES;
				CLANG_WARN_SUSPICIOUS_MOVE = YES;
				CLANG_WARN_UNGUARDED_AVAILABILITY = YES_AGGRESSIVE;
				CLANG_WARN_UNREACHABLE_CODE = YES;
				CLANG_WARN__DUPLICATE_METHOD_MATCH = YES;
				COPY_PHASE_STRIP = NO;
				DEBUG_INFORMATION_FORMAT = "dwarf-with-dsym";
				ENABLE_NS_ASSERTIONS = NO;
				ENABLE_STRICT_OBJC_MSGSEND = YES;
				GCC_C_LANGUAGE_STANDARD = gnu11;
				GCC_NO_COMMON_BLOCKS = YES;
				GCC_WARN_64_TO_32_BIT_CONVERSION = YES;
				GCC_WARN_ABOUT_RETURN_TYPE = YES_ERROR;
				GCC_WARN_UNDECLARED_SELECTOR = YES;
				GCC_WARN_UNINITIALIZED_AUTOS = YES_AGGRESSIVE;
				GCC_WARN_UNUSED_FUNCTION = YES;
				GCC_WARN_UNUSED_VARIABLE = YES;
				IPHONEOS_DEPLOYMENT_TARGET = 13.2;
				MTL_ENABLE_DEBUG_INFO = NO;
				MTL_FAST_MATH = YES;
				SDKROOT = iphoneos;
				SWIFT_COMPILATION_MODE = wholemodule;
				SWIFT_OPTIMIZATION_LEVEL = "-O";
				VALIDATE_PRODUCT = YES;
			};
			name = Release;
		};
		4ADF2EB52382521E0047C9D4 /* Debug */ = {
			isa = XCBuildConfiguration;
			buildSettings = {
				ASSETCATALOG_COMPILER_APPICON_NAME = AppIcon;
				CODE_SIGN_STYLE = Automatic;
				INFOPLIST_FILE = JView/Info.plist;
				IPHONEOS_DEPLOYMENT_TARGET = 13.0;
				LD_RUNPATH_SEARCH_PATHS = (
					"$(inherited)",
					"@executable_path/Frameworks",
				);
				PRODUCT_BUNDLE_IDENTIFIER = iOS.JView;
				PRODUCT_NAME = "$(TARGET_NAME)";
				SWIFT_VERSION = 5.0;
				TARGETED_DEVICE_FAMILY = "1,2";
			};
			name = Debug;
		};
		4ADF2EB62382521E0047C9D4 /* Release */ = {
			isa = XCBuildConfiguration;
			buildSettings = {
				ASSETCATALOG_COMPILER_APPICON_NAME = AppIcon;
				CODE_SIGN_STYLE = Automatic;
				INFOPLIST_FILE = JView/Info.plist;
				IPHONEOS_DEPLOYMENT_TARGET = 13.0;
				LD_RUNPATH_SEARCH_PATHS = (
					"$(inherited)",
					"@executable_path/Frameworks",
				);
				PRODUCT_BUNDLE_IDENTIFIER = iOS.JView;
				PRODUCT_NAME = "$(TARGET_NAME)";
				SWIFT_VERSION = 5.0;
				TARGETED_DEVICE_FAMILY = "1,2";
			};
			name = Release;
		};
/* End XCBuildConfiguration section */

/* Begin XCConfigurationList section */
		4ADF2E9B238252160047C9D4 /* Build configuration list for PBXProject "JView" */ = {
			isa = XCConfigurationList;
			buildConfigurations = (
				4ADF2EB22382521E0047C9D4 /* Debug */,
				4ADF2EB32382521E0047C9D4 /* Release */,
			);
			defaultConfigurationIsVisible = 0;
			defaultConfigurationName = Release;
		};
		4ADF2EB42382521E0047C9D4 /* Build configuration list for PBXNativeTarget "JView" */ = {
			isa = XCConfigurationList;
			buildConfigurations = (
				4ADF2EB52382521E0047C9D4 /* Debug */,
				4ADF2EB62382521E0047C9D4 /* Release */,
			);
			defaultConfigurationIsVisible = 0;
			defaultConfigurationName = Release;
		};
/* End XCConfigurationList section */
	};
	rootObject = 4ADF2E98238252160047C9D4 /* Project object */;
}
